
Microsoft Visual Studio Solution File, Format Version 12.00
# Visual Studio Version 17
VisualStudioVersion = 17.1.32210.238
MinimumVisualStudioVersion = 10.0.40219.1
Project("{FAE04EC0-301F-11D3-BF4B-00C04F79EFBC}") = "projectPractice1", "projectPractice1\projectPractice1.csproj", "{B0F6E4E3-E2B6-45AD-BB6B-28ED723E1C8D}"
EndProject
Global
	GlobalSection(SolutionConfigurationPlatforms) = preSolution
		Debug|Any CPU = Debug|Any CPU
		Release|Any CPU = Release|Any CPU
	EndGlobalSection
	GlobalSection(ProjectConfigurationPlatforms) = postSolution
		{B0F6E4E3-E2B6-45AD-BB6B-28ED723E1C8D}.Debug|Any CPU.ActiveCfg = Debug|Any CPU
		{B0F6E4E3-E2B6-45AD-BB6B-28ED723E1C8D}.Debug|Any CPU.Build.0 = Debug|Any CPU
		{B0F6E4E3-E2B6-45AD-BB6B-28ED723E1C8D}.Release|Any CPU.ActiveCfg = Release|Any CPU
		{B0F6E4E3-E2B6-45AD-BB6B-28ED723E1C8D}.Release|Any CPU.Build.0 = Release|Any CPU
	EndGlobalSection
	GlobalSection(SolutionProperties) = preSolution
		HideSolutionNode = FALSE
	EndGlobalSection
	GlobalSection(ExtensibilityGlobals) = postSolution
		SolutionGuid = {DCF0ECA9-E113-4444-856C-771048E4DED9}
	EndGlobalSection
EndGlobal
